
Microsoft Visual Studio Solution File, Format Version 12.00
# Visual Studio Version 17
VisualStudioVersion = 17.14.36518.9 d17.14
MinimumVisualStudioVersion = 10.0.40219.1
Project("{FAE04EC0-301F-11D3-BF4B-00C04F79EFBC}") = "MathDLL", "MathDLL\MathDLL.csproj", "{950AABC3-0E03-419D-9D91-74248A9C46C3}"
EndProject
Project("{FAE04EC0-301F-11D3-BF4B-00C04F79EFBC}") = "ConsoleMath", "ConsoleMath\ConsoleMath.csproj", "{EE619F97-4B41-4E23-B8D9-537C1A3D3320}"
EndProject
Project("{FAE04EC0-301F-11D3-BF4B-00C04F79EFBC}") = "FormMath", "FormMath\FormMath.csproj", "{6FC73870-DFD0-4E43-8EE1-449E9CED8994}"
EndProject
Project("{FAE04EC0-301F-11D3-BF4B-00C04F79EFBC}") = "WebMath", "WebMath\WebMath.csproj", "{809C6A7B-1BB0-40E1-B596-449EA8F3BBF0}"
EndProject
Global
	GlobalSection(SolutionConfigurationPlatforms) = preSolution
		Debug|Any CPU = Debug|Any CPU
		Release|Any CPU = Release|Any CPU
	EndGlobalSection
	GlobalSection(ProjectConfigurationPlatforms) = postSolution
		{950AABC3-0E03-419D-9D91-74248A9C46C3}.Debug|Any CPU.ActiveCfg = Debug|Any CPU
		{950AABC3-0E03-419D-9D91-74248A9C46C3}.Debug|Any CPU.Build.0 = Debug|Any CPU
		{950AABC3-0E03-419D-9D91-74248A9C46C3}.Release|Any CPU.ActiveCfg = Release|Any CPU
		{950AABC3-0E03-419D-9D91-74248A9C46C3}.Release|Any CPU.Build.0 = Release|Any CPU
		{EE619F97-4B41-4E23-B8D9-537C1A3D3320}.Debug|Any CPU.ActiveCfg = Debug|Any CPU
		{EE619F97-4B41-4E23-B8D9-537C1A3D3320}.Debug|Any CPU.Build.0 = Debug|Any CPU
		{EE619F97-4B41-4E23-B8D9-537C1A3D3320}.Release|Any CPU.ActiveCfg = Release|Any CPU
		{EE619F97-4B41-4E23-B8D9-537C1A3D3320}.Release|Any CPU.Build.0 = Release|Any CPU
		{6FC73870-DFD0-4E43-8EE1-449E9CED8994}.Debug|Any CPU.ActiveCfg = Debug|Any CPU
		{6FC73870-DFD0-4E43-8EE1-449E9CED8994}.Debug|Any CPU.Build.0 = Debug|Any CPU
		{6FC73870-DFD0-4E43-8EE1-449E9CED8994}.Release|Any CPU.ActiveCfg = Release|Any CPU
		{6FC73870-DFD0-4E43-8EE1-449E9CED8994}.Release|Any CPU.Build.0 = Release|Any CPU
		{809C6A7B-1BB0-40E1-B596-449EA8F3BBF0}.Debug|Any CPU.ActiveCfg = Debug|Any CPU
		{809C6A7B-1BB0-40E1-B596-449EA8F3BBF0}.Debug|Any CPU.Build.0 = Debug|Any CPU
		{809C6A7B-1BB0-40E1-B596-449EA8F3BBF0}.Release|Any CPU.ActiveCfg = Release|Any CPU
		{809C6A7B-1BB0-40E1-B596-449EA8F3BBF0}.Release|Any CPU.Build.0 = Release|Any CPU
	EndGlobalSection
	GlobalSection(SolutionProperties) = preSolution
		HideSolutionNode = FALSE
	EndGlobalSection
	GlobalSection(ExtensibilityGlobals) = postSolution
		SolutionGuid = {7FC63C10-4035-4452-83AB-4CFEC317A5D5}
	EndGlobalSection
EndGlobal
